
Microsoft Visual Studio Solution File, Format Version 12.00
# Visual Studio Version 17
VisualStudioVersion = 17.9.34622.214
MinimumVisualStudioVersion = 10.0.40219.1
Project("{FAE04EC0-301F-11D3-BF4B-00C04F79EFBC}") = "CustomerAPiPractice", "CustomerAPiPractice.csproj", "{A15B7990-743E-461C-A1BB-22B55044E7D0}"
EndProject
Global
	GlobalSection(SolutionConfigurationPlatforms) = preSolution
		Debug|Any CPU = Debug|Any CPU
		Release|Any CPU = Release|Any CPU
	EndGlobalSection
	GlobalSection(ProjectConfigurationPlatforms) = postSolution
		{A15B7990-743E-461C-A1BB-22B55044E7D0}.Debug|Any CPU.ActiveCfg = Debug|Any CPU
		{A15B7990-743E-461C-A1BB-22B55044E7D0}.Debug|Any CPU.Build.0 = Debug|Any CPU
		{A15B7990-743E-461C-A1BB-22B55044E7D0}.Release|Any CPU.ActiveCfg = Release|Any CPU
		{A15B7990-743E-461C-A1BB-22B55044E7D0}.Release|Any CPU.Build.0 = Release|Any CPU
	EndGlobalSection
	GlobalSection(SolutionProperties) = preSolution
		HideSolutionNode = FALSE
	EndGlobalSection
	GlobalSection(ExtensibilityGlobals) = postSolution
		SolutionGuid = {632399A0-1CB3-4191-A571-FB621F9FEBDB}
	EndGlobalSection
EndGlobal
