
Microsoft Visual Studio Solution File, Format Version 12.00
# Visual Studio Version 17
VisualStudioVersion = 17.9.34622.214
MinimumVisualStudioVersion = 10.0.40219.1
Project("{FAE04EC0-301F-11D3-BF4B-00C04F79EFBC}") = "Api Ass", "Api Ass\Api Ass.csproj", "{71493C2C-E978-4457-A63D-541DD4108DC1}"
EndProject
Global
	GlobalSection(SolutionConfigurationPlatforms) = preSolution
		Debug|Any CPU = Debug|Any CPU
		Release|Any CPU = Release|Any CPU
	EndGlobalSection
	GlobalSection(ProjectConfigurationPlatforms) = postSolution
		{71493C2C-E978-4457-A63D-541DD4108DC1}.Debug|Any CPU.ActiveCfg = Debug|Any CPU
		{71493C2C-E978-4457-A63D-541DD4108DC1}.Debug|Any CPU.Build.0 = Debug|Any CPU
		{71493C2C-E978-4457-A63D-541DD4108DC1}.Release|Any CPU.ActiveCfg = Release|Any CPU
		{71493C2C-E978-4457-A63D-541DD4108DC1}.Release|Any CPU.Build.0 = Release|Any CPU
	EndGlobalSection
	GlobalSection(SolutionProperties) = preSolution
		HideSolutionNode = FALSE
	EndGlobalSection
	GlobalSection(ExtensibilityGlobals) = postSolution
		SolutionGuid = {994489AF-D03C-4BC8-8D6D-CFC07E29DD88}
	EndGlobalSection
EndGlobal
